
Microsoft Visual Studio Solution File, Format Version 12.00
# Visual Studio Version 17
VisualStudioVersion = 17.3.32901.215
MinimumVisualStudioVersion = 10.0.40219.1
Project("{FAE04EC0-301F-11D3-BF4B-00C04F79EFBC}") = "NoteEditor", "NoteEditor\NoteEditor.csproj", "{1A0142F1-8CC3-4D15-89D4-292E2B6C9FAD}"
EndProject
Global
	GlobalSection(SolutionConfigurationPlatforms) = preSolution
		Debug|Any CPU = Debug|Any CPU
		Release|Any CPU = Release|Any CPU
	EndGlobalSection
	GlobalSection(ProjectConfigurationPlatforms) = postSolution
		{1A0142F1-8CC3-4D15-89D4-292E2B6C9FAD}.Debug|Any CPU.ActiveCfg = Debug|Any CPU
		{1A0142F1-8CC3-4D15-89D4-292E2B6C9FAD}.Debug|Any CPU.Build.0 = Debug|Any CPU
		{1A0142F1-8CC3-4D15-89D4-292E2B6C9FAD}.Release|Any CPU.ActiveCfg = Release|Any CPU
		{1A0142F1-8CC3-4D15-89D4-292E2B6C9FAD}.Release|Any CPU.Build.0 = Release|Any CPU
	EndGlobalSection
	GlobalSection(SolutionProperties) = preSolution
		HideSolutionNode = FALSE
	EndGlobalSection
	GlobalSection(ExtensibilityGlobals) = postSolution
		SolutionGuid = {52FC1978-A97B-48C5-8CB7-D214056E04E4}
	EndGlobalSection
EndGlobal
